
Microsoft Visual Studio Solution File, Format Version 12.00
# Visual Studio Version 17
VisualStudioVersion = 17.14.36623.8 d17.14
MinimumVisualStudioVersion = 10.0.40219.1
Project("{FAE04EC0-301F-11D3-BF4B-00C04F79EFBC}") = "VeriYapilari_Tree", "VeriYapilari_Tree\VeriYapilari_Tree.csproj", "{F8070DDF-97B4-4007-9484-5294A96BECFA}"
EndProject
Global
	GlobalSection(SolutionConfigurationPlatforms) = preSolution
		Debug|Any CPU = Debug|Any CPU
		Release|Any CPU = Release|Any CPU
	EndGlobalSection
	GlobalSection(ProjectConfigurationPlatforms) = postSolution
		{F8070DDF-97B4-4007-9484-5294A96BECFA}.Debug|Any CPU.ActiveCfg = Debug|Any CPU
		{F8070DDF-97B4-4007-9484-5294A96BECFA}.Debug|Any CPU.Build.0 = Debug|Any CPU
		{F8070DDF-97B4-4007-9484-5294A96BECFA}.Release|Any CPU.ActiveCfg = Release|Any CPU
		{F8070DDF-97B4-4007-9484-5294A96BECFA}.Release|Any CPU.Build.0 = Release|Any CPU
	EndGlobalSection
	GlobalSection(SolutionProperties) = preSolution
		HideSolutionNode = FALSE
	EndGlobalSection
	GlobalSection(ExtensibilityGlobals) = postSolution
		SolutionGuid = {DC5EB861-B991-4EA8-8EFA-8D9B48217ACA}
	EndGlobalSection
EndGlobal
